
Microsoft Visual Studio Solution File, Format Version 12.00
# Visual Studio Version 17
VisualStudioVersion = 17.5.33530.505
MinimumVisualStudioVersion = 10.0.40219.1
Project("{8BC9CEB8-8B4A-11D0-8D11-00A0C91BC942}") = "1_1_3", "1_1_3\1_1_3.vcxproj", "{FE775537-4AE9-4F19-9966-BDC37AE89F47}"
EndProject
Project("{8BC9CEB8-8B4A-11D0-8D11-00A0C91BC942}") = "1_1_2", "1_1_2\1_1_2.vcxproj", "{F9DEAC4F-AB84-46CA-B93A-86EBD056ABCF}"
EndProject
Project("{8BC9CEB8-8B4A-11D0-8D11-00A0C91BC942}") = "1_1_1", "1_1_1\1_1_1.vcxproj", "{F72D913C-453C-4DB1-90F8-85390827E22E}"
EndProject
Project("{8BC9CEB8-8B4A-11D0-8D11-00A0C91BC942}") = "2_1_2c", "2_1_2c\2_1_2c.vcxproj", "{56C2D021-8305-4666-A8C2-4EFAC37E2B02}"
EndProject
Project("{8BC9CEB8-8B4A-11D0-8D11-00A0C91BC942}") = "1_1_4", "1_1_4\1_1_4.vcxproj", "{8A6ED7E1-9B77-47B0-A7F7-35C6B1145716}"
EndProject
Project("{8BC9CEB8-8B4A-11D0-8D11-00A0C91BC942}") = "2_1_3", "2_1_3\2_1_3.vcxproj", "{FBCAF8AE-B3A2-4C28-82F6-99C74A05F96D}"
EndProject
Project("{8BC9CEB8-8B4A-11D0-8D11-00A0C91BC942}") = "2_1_1c", "2_1_1c\2_1_1c.vcxproj", "{B39CC003-EBCE-411A-B043-45E8D005D846}"
EndProject
Project("{8BC9CEB8-8B4A-11D0-8D11-00A0C91BC942}") = "1_2_3", "1_2_3\1_2_3.vcxproj", "{795D7FDB-C7DF-43E1-A100-BB84DC0E6EA6}"
EndProject
Project("{8BC9CEB8-8B4A-11D0-8D11-00A0C91BC942}") = "1_2_4", "1_2_4\1_2_4.vcxproj", "{A843462C-58D6-4FA8-8B1E-F3CB4F1A90FD}"
EndProject
Project("{8BC9CEB8-8B4A-11D0-8D11-00A0C91BC942}") = "3_1_1", "3_1_1\3_1_1.vcxproj", "{D85C62F4-28BF-462B-A96F-8A51ECBDAD0B}"
EndProject
Project("{8BC9CEB8-8B4A-11D0-8D11-00A0C91BC942}") = "KR_2", "KR_2\KR_2.vcxproj", "{9F421918-B580-439D-811E-DA73F9196CA3}"
EndProject
Project("{8BC9CEB8-8B4A-11D0-8D11-00A0C91BC942}") = "KR_1", "KR_1\KR_1.vcxproj", "{3A56584A-7AB6-4A80-96F0-8C955869376B}"
EndProject
Project("{8BC9CEB8-8B4A-11D0-8D11-00A0C91BC942}") = "3_1_2", "3_1_2\3_1_2.vcxproj", "{18D434F0-3994-4026-B1C0-F585868A977A}"
EndProject
Project("{8BC9CEB8-8B4A-11D0-8D11-00A0C91BC942}") = "3_1_3", "3_1_3\3_1_3.vcxproj", "{C4C37A02-2505-4CC6-BB65-2697918FBB6D}"
EndProject
Project("{8BC9CEB8-8B4A-11D0-8D11-00A0C91BC942}") = "2_1_2", "2_1_2\2_1_2.vcxproj", "{2F57D081-B6D2-46BE-800E-F03832D51FB2}"
EndProject
Global
	GlobalSection(SolutionConfigurationPlatforms) = preSolution
		Debug|x64 = Debug|x64
		Debug|x86 = Debug|x86
		Release|x64 = Release|x64
		Release|x86 = Release|x86
	EndGlobalSection
	GlobalSection(ProjectConfigurationPlatforms) = postSolution
		{FE775537-4AE9-4F19-9966-BDC37AE89F47}.Debug|x64.ActiveCfg = Debug|x64
		{FE775537-4AE9-4F19-9966-BDC37AE89F47}.Debug|x64.Build.0 = Debug|x64
		{FE775537-4AE9-4F19-9966-BDC37AE89F47}.Debug|x86.ActiveCfg = Debug|Win32
		{FE775537-4AE9-4F19-9966-BDC37AE89F47}.Debug|x86.Build.0 = Debug|Win32
		{FE775537-4AE9-4F19-9966-BDC37AE89F47}.Release|x64.ActiveCfg = Release|x64
		{FE775537-4AE9-4F19-9966-BDC37AE89F47}.Release|x64.Build.0 = Release|x64
		{FE775537-4AE9-4F19-9966-BDC37AE89F47}.Release|x86.ActiveCfg = Release|Win32
		{FE775537-4AE9-4F19-9966-BDC37AE89F47}.Release|x86.Build.0 = Release|Win32
		{F9DEAC4F-AB84-46CA-B93A-86EBD056ABCF}.Debug|x64.ActiveCfg = Debug|x64
		{F9DEAC4F-AB84-46CA-B93A-86EBD056ABCF}.Debug|x64.Build.0 = Debug|x64
		{F9DEAC4F-AB84-46CA-B93A-86EBD056ABCF}.Debug|x86.ActiveCfg = Debug|Win32
		{F9DEAC4F-AB84-46CA-B93A-86EBD056ABCF}.Debug|x86.Build.0 = Debug|Win32
		{F9DEAC4F-AB84-46CA-B93A-86EBD056ABCF}.Release|x64.ActiveCfg = Release|x64
		{F9DEAC4F-AB84-46CA-B93A-86EBD056ABCF}.Release|x64.Build.0 = Release|x64
		{F9DEAC4F-AB84-46CA-B93A-86EBD056ABCF}.Release|x86.ActiveCfg = Release|Win32
		{F9DEAC4F-AB84-46CA-B93A-86EBD056ABCF}.Release|x86.Build.0 = Release|Win32
		{F72D913C-453C-4DB1-90F8-85390827E22E}.Debug|x64.ActiveCfg = Debug|x64
		{F72D913C-453C-4DB1-90F8-85390827E22E}.Debug|x64.Build.0 = Debug|x64
		{F72D913C-453C-4DB1-90F8-85390827E22E}.Debug|x86.ActiveCfg = Debug|Win32
		{F72D913C-453C-4DB1-90F8-85390827E22E}.Debug|x86.Build.0 = Debug|Win32
		{F72D913C-453C-4DB1-90F8-85390827E22E}.Release|x64.ActiveCfg = Release|x64
		{F72D913C-453C-4DB1-90F8-85390827E22E}.Release|x64.Build.0 = Release|x64
		{F72D913C-453C-4DB1-90F8-85390827E22E}.Release|x86.ActiveCfg = Release|Win32
		{F72D913C-453C-4DB1-90F8-85390827E22E}.Release|x86.Build.0 = Release|Win32
		{56C2D021-8305-4666-A8C2-4EFAC37E2B02}.Debug|x64.ActiveCfg = Debug|x64
		{56C2D021-8305-4666-A8C2-4EFAC37E2B02}.Debug|x64.Build.0 = Debug|x64
		{56C2D021-8305-4666-A8C2-4EFAC37E2B02}.Debug|x86.ActiveCfg = Debug|Win32
		{56C2D021-8305-4666-A8C2-4EFAC37E2B02}.Debug|x86.Build.0 = Debug|Win32
		{56C2D021-8305-4666-A8C2-4EFAC37E2B02}.Release|x64.ActiveCfg = Release|x64
		{56C2D021-8305-4666-A8C2-4EFAC37E2B02}.Release|x64.Build.0 = Release|x64
		{56C2D021-8305-4666-A8C2-4EFAC37E2B02}.Release|x86.ActiveCfg = Release|Win32
		{56C2D021-8305-4666-A8C2-4EFAC37E2B02}.Release|x86.Build.0 = Release|Win32
		{8A6ED7E1-9B77-47B0-A7F7-35C6B1145716}.Debug|x64.ActiveCfg = Debug|x64
		{8A6ED7E1-9B77-47B0-A7F7-35C6B1145716}.Debug|x64.Build.0 = Debug|x64
		{8A6ED7E1-9B77-47B0-A7F7-35C6B1145716}.Debug|x86.ActiveCfg = Debug|Win32
		{8A6ED7E1-9B77-47B0-A7F7-35C6B1145716}.Debug|x86.Build.0 = Debug|Win32
		{8A6ED7E1-9B77-47B0-A7F7-35C6B1145716}.Release|x64.ActiveCfg = Release|x64
		{8A6ED7E1-9B77-47B0-A7F7-35C6B1145716}.Release|x64.Build.0 = Release|x64
		{8A6ED7E1-9B77-47B0-A7F7-35C6B1145716}.Release|x86.ActiveCfg = Release|Win32
		{8A6ED7E1-9B77-47B0-A7F7-35C6B1145716}.Release|x86.Build.0 = Release|Win32
		{FBCAF8AE-B3A2-4C28-82F6-99C74A05F96D}.Debug|x64.ActiveCfg = Debug|x64
		{FBCAF8AE-B3A2-4C28-82F6-99C74A05F96D}.Debug|x64.Build.0 = Debug|x64
		{FBCAF8AE-B3A2-4C28-82F6-99C74A05F96D}.Debug|x86.ActiveCfg = Debug|Win32
		{FBCAF8AE-B3A2-4C28-82F6-99C74A05F96D}.Debug|x86.Build.0 = Debug|Win32
		{FBCAF8AE-B3A2-4C28-82F6-99C74A05F96D}.Release|x64.ActiveCfg = Release|x64
		{FBCAF8AE-B3A2-4C28-82F6-99C74A05F96D}.Release|x64.Build.0 = Release|x64
		{FBCAF8AE-B3A2-4C28-82F6-99C74A05F96D}.Release|x86.ActiveCfg = Release|Win32
		{FBCAF8AE-B3A2-4C28-82F6-99C74A05F96D}.Release|x86.Build.0 = Release|Win32
		{B39CC003-EBCE-411A-B043-45E8D005D846}.Debug|x64.ActiveCfg = Debug|x64
		{B39CC003-EBCE-411A-B043-45E8D005D846}.Debug|x64.Build.0 = Debug|x64
		{B39CC003-EBCE-411A-B043-45E8D005D846}.Debug|x86.ActiveCfg = Debug|Win32
		{B39CC003-EBCE-411A-B043-45E8D005D846}.Debug|x86.Build.0 = Debug|Win32
		{B39CC003-EBCE-411A-B043-45E8D005D846}.Release|x64.ActiveCfg = Release|x64
		{B39CC003-EBCE-411A-B043-45E8D005D846}.Release|x64.Build.0 = Release|x64
		{B39CC003-EBCE-411A-B043-45E8D005D846}.Release|x86.ActiveCfg = Release|Win32
		{B39CC003-EBCE-411A-B043-45E8D005D846}.Release|x86.Build.0 = Release|Win32
		{795D7FDB-C7DF-43E1-A100-BB84DC0E6EA6}.Debug|x64.ActiveCfg = Debug|x64
		{795D7FDB-C7DF-43E1-A100-BB84DC0E6EA6}.Debug|x64.Build.0 = Debug|x64
		{795D7FDB-C7DF-43E1-A100-BB84DC0E6EA6}.Debug|x86.ActiveCfg = Debug|Win32
		{795D7FDB-C7DF-43E1-A100-BB84DC0E6EA6}.Debug|x86.Build.0 = Debug|Win32
		{795D7FDB-C7DF-43E1-A100-BB84DC0E6EA6}.Release|x64.ActiveCfg = Release|x64
		{795D7FDB-C7DF-43E1-A100-BB84DC0E6EA6}.Release|x64.Build.0 = Release|x64
		{795D7FDB-C7DF-43E1-A100-BB84DC0E6EA6}.Release|x86.ActiveCfg = Release|Win32
		{795D7FDB-C7DF-43E1-A100-BB84DC0E6EA6}.Release|x86.Build.0 = Release|Win32
		{A843462C-58D6-4FA8-8B1E-F3CB4F1A90FD}.Debug|x64.ActiveCfg = Debug|x64
		{A843462C-58D6-4FA8-8B1E-F3CB4F1A90FD}.Debug|x64.Build.0 = Debug|x64
		{A843462C-58D6-4FA8-8B1E-F3CB4F1A90FD}.Debug|x86.ActiveCfg = Debug|Win32
		{A843462C-58D6-4FA8-8B1E-F3CB4F1A90FD}.Debug|x86.Build.0 = Debug|Win32
		{A843462C-58D6-4FA8-8B1E-F3CB4F1A90FD}.Release|x64.ActiveCfg = Release|x64
		{A843462C-58D6-4FA8-8B1E-F3CB4F1A90FD}.Release|x64.Build.0 = Release|x64
		{A843462C-58D6-4FA8-8B1E-F3CB4F1A90FD}.Release|x86.ActiveCfg = Release|Win32
		{A843462C-58D6-4FA8-8B1E-F3CB4F1A90FD}.Release|x86.Build.0 = Release|Win32
		{D85C62F4-28BF-462B-A96F-8A51ECBDAD0B}.Debug|x64.ActiveCfg = Debug|x64
		{D85C62F4-28BF-462B-A96F-8A51ECBDAD0B}.Debug|x64.Build.0 = Debug|x64
		{D85C62F4-28BF-462B-A96F-8A51ECBDAD0B}.Debug|x86.ActiveCfg = Debug|Win32
		{D85C62F4-28BF-462B-A96F-8A51ECBDAD0B}.Debug|x86.Build.0 = Debug|Win32
		{D85C62F4-28BF-462B-A96F-8A51ECBDAD0B}.Release|x64.ActiveCfg = Release|x64
		{D85C62F4-28BF-462B-A96F-8A51ECBDAD0B}.Release|x64.Build.0 = Release|x64
		{D85C62F4-28BF-462B-A96F-8A51ECBDAD0B}.Release|x86.ActiveCfg = Release|Win32
		{D85C62F4-28BF-462B-A96F-8A51ECBDAD0B}.Release|x86.Build.0 = Release|Win32
		{9F421918-B580-439D-811E-DA73F9196CA3}.Debug|x64.ActiveCfg = Debug|x64
		{9F421918-B580-439D-811E-DA73F9196CA3}.Debug|x64.Build.0 = Debug|x64
		{9F421918-B580-439D-811E-DA73F9196CA3}.Debug|x86.ActiveCfg = Debug|Win32
		{9F421918-B580-439D-811E-DA73F9196CA3}.Debug|x86.Build.0 = Debug|Win32
		{9F421918-B580-439D-811E-DA73F9196CA3}.Release|x64.ActiveCfg = Release|x64
		{9F421918-B580-439D-811E-DA73F9196CA3}.Release|x64.Build.0 = Release|x64
		{9F421918-B580-439D-811E-DA73F9196CA3}.Release|x86.ActiveCfg = Release|Win32
		{9F421918-B580-439D-811E-DA73F9196CA3}.Release|x86.Build.0 = Release|Win32
		{3A56584A-7AB6-4A80-96F0-8C955869376B}.Debug|x64.ActiveCfg = Debug|x64
		{3A56584A-7AB6-4A80-96F0-8C955869376B}.Debug|x64.Build.0 = Debug|x64
		{3A56584A-7AB6-4A80-96F0-8C955869376B}.Debug|x86.ActiveCfg = Debug|Win32
		{3A56584A-7AB6-4A80-96F0-8C955869376B}.Debug|x86.Build.0 = Debug|Win32
		{3A56584A-7AB6-4A80-96F0-8C955869376B}.Release|x64.ActiveCfg = Release|x64
		{3A56584A-7AB6-4A80-96F0-8C955869376B}.Release|x64.Build.0 = Release|x64
		{3A56584A-7AB6-4A80-96F0-8C955869376B}.Release|x86.ActiveCfg = Release|Win32
		{3A56584A-7AB6-4A80-96F0-8C955869376B}.Release|x86.Build.0 = Release|Win32
		{18D434F0-3994-4026-B1C0-F585868A977A}.Debug|x64.ActiveCfg = Debug|x64
		{18D434F0-3994-4026-B1C0-F585868A977A}.Debug|x64.Build.0 = Debug|x64
		{18D434F0-3994-4026-B1C0-F585868A977A}.Debug|x86.ActiveCfg = Debug|Win32
		{18D434F0-3994-4026-B1C0-F585868A977A}.Debug|x86.Build.0 = Debug|Win32
		{18D434F0-3994-4026-B1C0-F585868A977A}.Release|x64.ActiveCfg = Release|x64
		{18D434F0-3994-4026-B1C0-F585868A977A}.Release|x64.Build.0 = Release|x64
		{18D434F0-3994-4026-B1C0-F585868A977A}.Release|x86.ActiveCfg = Release|Win32
		{18D434F0-3994-4026-B1C0-F585868A977A}.Release|x86.Build.0 = Release|Win32
		{C4C37A02-2505-4CC6-BB65-2697918FBB6D}.Debug|x64.ActiveCfg = Debug|x64
		{C4C37A02-2505-4CC6-BB65-2697918FBB6D}.Debug|x64.Build.0 = Debug|x64
		{C4C37A02-2505-4CC6-BB65-2697918FBB6D}.Debug|x86.ActiveCfg = Debug|Win32
		{C4C37A02-2505-4CC6-BB65-2697918FBB6D}.Debug|x86.Build.0 = Debug|Win32
		{C4C37A02-2505-4CC6-BB65-2697918FBB6D}.Release|x64.ActiveCfg = Release|x64
		{C4C37A02-2505-4CC6-BB65-2697918FBB6D}.Release|x64.Build.0 = Release|x64
		{C4C37A02-2505-4CC6-BB65-2697918FBB6D}.Release|x86.ActiveCfg = Release|Win32
		{C4C37A02-2505-4CC6-BB65-2697918FBB6D}.Release|x86.Build.0 = Release|Win32
		{2F57D081-B6D2-46BE-800E-F03832D51FB2}.Debug|x64.ActiveCfg = Debug|x64
		{2F57D081-B6D2-46BE-800E-F03832D51FB2}.Debug|x64.Build.0 = Debug|x64
		{2F57D081-B6D2-46BE-800E-F03832D51FB2}.Debug|x86.ActiveCfg = Debug|Win32
		{2F57D081-B6D2-46BE-800E-F03832D51FB2}.Debug|x86.Build.0 = Debug|Win32
		{2F57D081-B6D2-46BE-800E-F03832D51FB2}.Release|x64.ActiveCfg = Release|x64
		{2F57D081-B6D2-46BE-800E-F03832D51FB2}.Release|x64.Build.0 = Release|x64
		{2F57D081-B6D2-46BE-800E-F03832D51FB2}.Release|x86.ActiveCfg = Release|Win32
		{2F57D081-B6D2-46BE-800E-F03832D51FB2}.Release|x86.Build.0 = Release|Win32
	EndGlobalSection
	GlobalSection(SolutionProperties) = preSolution
		HideSolutionNode = FALSE
	EndGlobalSection
	GlobalSection(ExtensibilityGlobals) = postSolution
		SolutionGuid = {357E00C5-FCD0-4EC7-B207-58CE32FF141F}
	EndGlobalSection
EndGlobal
