
Microsoft Visual Studio Solution File, Format Version 12.00
# Visual Studio Version 17
VisualStudioVersion = 17.5.33530.505
MinimumVisualStudioVersion = 10.0.40219.1
Project("{8BC9CEB8-8B4A-11D0-8D11-00A0C91BC942}") = "1_1_3", "1_1_3\1_1_3.vcxproj", "{FE775537-4AE9-4F19-9966-BDC37AE89F47}"
EndProject
Project("{8BC9CEB8-8B4A-11D0-8D11-00A0C91BC942}") = "1_1_2", "1_1_2\1_1_2.vcxproj", "{F9DEAC4F-AB84-46CA-B93A-86EBD056ABCF}"
EndProject
Project("{8BC9CEB8-8B4A-11D0-8D11-00A0C91BC942}") = "1_1_1", "1_1_1\1_1_1.vcxproj", "{F72D913C-453C-4DB1-90F8-85390827E22E}"
EndProject
Project("{8BC9CEB8-8B4A-11D0-8D11-00A0C91BC942}") = "2_1_2c", "2_1_2c\2_1_2c.vcxproj", "{56C2D021-8305-4666-A8C2-4EFAC37E2B02}"
EndProject
Project("{8BC9CEB8-8B4A-11D0-8D11-00A0C91BC942}") = "1_1_4", "1_1_4\1_1_4.vcxproj", "{8A6ED7E1-9B77-47B0-A7F7-35C6B1145716}"
EndProject
Project("{8BC9CEB8-8B4A-11D0-8D11-00A0C91BC942}") = "2_1_3", "2_1_3\2_1_3.vcxproj", "{FBCAF8AE-B3A2-4C28-82F6-99C74A05F96D}"
EndProject
Project("{8BC9CEB8-8B4A-11D0-8D11-00A0C91BC942}") = "2_1_1c", "2_1_1c\2_1_1c.vcxproj", "{B39CC003-EBCE-411A-B043-45E8D005D846}"
EndProject
Project("{8BC9CEB8-8B4A-11D0-8D11-00A0C91BC942}") = "1_2_3", "1_2_3\1_2_3.vcxproj", "{795D7FDB-C7DF-43E1-A100-BB84DC0E6EA6}"
EndProject
Project("{8BC9CEB8-8B4A-11D0-8D11-00A0C91BC942}") = "1_2_4", "1_2_4\1_2_4.vcxproj", "{A843462C-58D6-4FA8-8B1E-F3CB4F1A90FD}"
EndProject
Project("{8BC9CEB8-8B4A-11D0-8D11-00A0C91BC942}") = "3_1_1", "3_1_1\3_1_1.vcxproj", "{D85C62F4-28BF-462B-A96F-8A51ECBDAD0B}"
EndProject
Project("{8BC9CEB8-8B4A-11D0-8D11-00A0C91BC942}") = "KR_2", "KR_2\KR_2.vcxproj", "{9F421918-B580-439D-811E-DA73F9196CA3}"
EndProject
Project("{8BC9CEB8-8B4A-11D0-8D11-00A0C91BC942}") = "KR_1", "KR_1\KR_1.vcxproj", "{3A56584A-7AB6-4A80-96F0-8C955869376B}"
EndProject
Project("{8BC9CEB8-8B4A-11D0-8D11-00A0C91BC942}") = "3_1_2", "3_1_2\3_1_2.vcxproj", "{18D434F0-3994-4026-B1C0-F585868A977A}"
EndProject
Project("{8BC9CEB8-8B4A-11D0-8D11-00A0C91BC942}") = "3_1_3", "3_1_3\3_1_3.vcxproj", "{C4C37A02-2505-4CC6-BB65-2697918FBB6D}"
EndProject
Project("{8BC9CEB8-8B4A-11D0-8D11-00A0C91BC942}") = "2_1_2", "2_1_2\2_1_2.vcxproj", "{2F57D081-B6D2-46BE-800E-F03832D51FB2}"
EndProject
Project("{8BC9CEB8-8B4A-11D0-8D11-00A0C91BC942}") = "2_2_1", "2_2_1\2_2_1.vcxproj", "{A332211F-BE0E-4060-A4A8-4BEB6C1B597A}"
EndProject
Project("{8BC9CEB8-8B4A-11D0-8D11-00A0C91BC942}") = "2_2_2", "2_2_2\2_2_2.vcxproj", "{CD20B81A-DEB0-4E49-A270-680256165F59}"
EndProject
Project("{8BC9CEB8-8B4A-11D0-8D11-00A0C91BC942}") = "3_1_1 Оператор присвоения объектов", "3_1_1 Оператор присвоения объектов\3_1_1 Оператор присвоения объектов.vcxproj", "{32D5F12C-6725-4C7F-BB0D-E9C7DB6905B3}"
EndProject
Project("{8BC9CEB8-8B4A-11D0-8D11-00A0C91BC942}") = "3_1_3 Передач объектов функциям", "3_1_3 Передач объектов функциям\3_1_3 Передач объектов функциям.vcxproj", "{0EB7D440-7DC4-4EC7-AB1A-8F31FF52AF92}"
EndProject
Project("{8BC9CEB8-8B4A-11D0-8D11-00A0C91BC942}") = "3_1_2 Оператор присвоения объектов", "3_1_2 Оператор присвоения объектов\3_1_2 Оператор присвоения объектов.vcxproj", "{EB450CCE-B162-4040-87EA-625240E36D99}"
EndProject
Project("{8BC9CEB8-8B4A-11D0-8D11-00A0C91BC942}") = "3_1_4", "3_1_4\3_1_4.vcxproj", "{4B3BACDA-EBBF-46C8-8C11-13D7EA86AFCA}"
EndProject
Project("{8BC9CEB8-8B4A-11D0-8D11-00A0C91BC942}") = "3_1_5", "3_1_5\3_1_5.vcxproj", "{71FE9DDA-DEB5-4068-BCE8-672C51E3C7A0}"
EndProject
Project("{8BC9CEB8-8B4A-11D0-8D11-00A0C91BC942}") = "4_1_1", "4_1_1\4_1_1.vcxproj", "{1E43CC5F-FDC2-47FD-BCB2-FDB44E381E3E}"
EndProject
Project("{8BC9CEB8-8B4A-11D0-8D11-00A0C91BC942}") = "4_1_2", "4_1_2\4_1_2.vcxproj", "{22257496-8154-4014-AD13-53A12D86525B}"
EndProject
Project("{8BC9CEB8-8B4A-11D0-8D11-00A0C91BC942}") = "4_1_3", "4_1_3\4_1_3.vcxproj", "{2DBB245D-9E03-4147-A44D-33F41CD6D745}"
EndProject
Project("{8BC9CEB8-8B4A-11D0-8D11-00A0C91BC942}") = "5_3_1", "5_3_1\5_3_1.vcxproj", "{61CC801B-BBB9-43A7-9F34-6E1D9EF34E30}"
EndProject
Project("{8BC9CEB8-8B4A-11D0-8D11-00A0C91BC942}") = "9_1_1", "9_1_1\9_1_1.vcxproj", "{D66C506D-780D-4F95-B91E-84456133D9C0}"
EndProject
Project("{8BC9CEB8-8B4A-11D0-8D11-00A0C91BC942}") = "KR_3", "KR_3\KR_3.vcxproj", "{8ACCC613-6E2B-4094-ADFD-6448E801F488}"
EndProject
Project("{8BC9CEB8-8B4A-11D0-8D11-00A0C91BC942}") = "KR_4", "KR_4\KR_4.vcxproj", "{4F097619-2B1E-4030-A0F9-106D0BFC8D4B}"
EndProject
Project("{8BC9CEB8-8B4A-11D0-8D11-00A0C91BC942}") = "KR_5", "KR_5\KR_5.vcxproj", "{505AA885-1E26-4A6B-BF76-136D6ED1D5C8}"
EndProject
Global
	GlobalSection(SolutionConfigurationPlatforms) = preSolution
		Debug|x64 = Debug|x64
		Debug|x86 = Debug|x86
		Release|x64 = Release|x64
		Release|x86 = Release|x86
	EndGlobalSection
	GlobalSection(ProjectConfigurationPlatforms) = postSolution
		{FE775537-4AE9-4F19-9966-BDC37AE89F47}.Debug|x64.ActiveCfg = Debug|x64
		{FE775537-4AE9-4F19-9966-BDC37AE89F47}.Debug|x64.Build.0 = Debug|x64
		{FE775537-4AE9-4F19-9966-BDC37AE89F47}.Debug|x86.ActiveCfg = Debug|Win32
		{FE775537-4AE9-4F19-9966-BDC37AE89F47}.Debug|x86.Build.0 = Debug|Win32
		{FE775537-4AE9-4F19-9966-BDC37AE89F47}.Release|x64.ActiveCfg = Release|x64
		{FE775537-4AE9-4F19-9966-BDC37AE89F47}.Release|x64.Build.0 = Release|x64
		{FE775537-4AE9-4F19-9966-BDC37AE89F47}.Release|x86.ActiveCfg = Release|Win32
		{FE775537-4AE9-4F19-9966-BDC37AE89F47}.Release|x86.Build.0 = Release|Win32
		{F9DEAC4F-AB84-46CA-B93A-86EBD056ABCF}.Debug|x64.ActiveCfg = Debug|x64
		{F9DEAC4F-AB84-46CA-B93A-86EBD056ABCF}.Debug|x64.Build.0 = Debug|x64
		{F9DEAC4F-AB84-46CA-B93A-86EBD056ABCF}.Debug|x86.ActiveCfg = Debug|Win32
		{F9DEAC4F-AB84-46CA-B93A-86EBD056ABCF}.Debug|x86.Build.0 = Debug|Win32
		{F9DEAC4F-AB84-46CA-B93A-86EBD056ABCF}.Release|x64.ActiveCfg = Release|x64
		{F9DEAC4F-AB84-46CA-B93A-86EBD056ABCF}.Release|x64.Build.0 = Release|x64
		{F9DEAC4F-AB84-46CA-B93A-86EBD056ABCF}.Release|x86.ActiveCfg = Release|Win32
		{F9DEAC4F-AB84-46CA-B93A-86EBD056ABCF}.Release|x86.Build.0 = Release|Win32
		{F72D913C-453C-4DB1-90F8-85390827E22E}.Debug|x64.ActiveCfg = Debug|x64
		{F72D913C-453C-4DB1-90F8-85390827E22E}.Debug|x64.Build.0 = Debug|x64
		{F72D913C-453C-4DB1-90F8-85390827E22E}.Debug|x86.ActiveCfg = Debug|Win32
		{F72D913C-453C-4DB1-90F8-85390827E22E}.Debug|x86.Build.0 = Debug|Win32
		{F72D913C-453C-4DB1-90F8-85390827E22E}.Release|x64.ActiveCfg = Release|x64
		{F72D913C-453C-4DB1-90F8-85390827E22E}.Release|x64.Build.0 = Release|x64
		{F72D913C-453C-4DB1-90F8-85390827E22E}.Release|x86.ActiveCfg = Release|Win32
		{F72D913C-453C-4DB1-90F8-85390827E22E}.Release|x86.Build.0 = Release|Win32
		{56C2D021-8305-4666-A8C2-4EFAC37E2B02}.Debug|x64.ActiveCfg = Debug|x64
		{56C2D021-8305-4666-A8C2-4EFAC37E2B02}.Debug|x64.Build.0 = Debug|x64
		{56C2D021-8305-4666-A8C2-4EFAC37E2B02}.Debug|x86.ActiveCfg = Debug|Win32
		{56C2D021-8305-4666-A8C2-4EFAC37E2B02}.Debug|x86.Build.0 = Debug|Win32
		{56C2D021-8305-4666-A8C2-4EFAC37E2B02}.Release|x64.ActiveCfg = Release|x64
		{56C2D021-8305-4666-A8C2-4EFAC37E2B02}.Release|x64.Build.0 = Release|x64
		{56C2D021-8305-4666-A8C2-4EFAC37E2B02}.Release|x86.ActiveCfg = Release|Win32
		{56C2D021-8305-4666-A8C2-4EFAC37E2B02}.Release|x86.Build.0 = Release|Win32
		{8A6ED7E1-9B77-47B0-A7F7-35C6B1145716}.Debug|x64.ActiveCfg = Debug|x64
		{8A6ED7E1-9B77-47B0-A7F7-35C6B1145716}.Debug|x64.Build.0 = Debug|x64
		{8A6ED7E1-9B77-47B0-A7F7-35C6B1145716}.Debug|x86.ActiveCfg = Debug|Win32
		{8A6ED7E1-9B77-47B0-A7F7-35C6B1145716}.Debug|x86.Build.0 = Debug|Win32
		{8A6ED7E1-9B77-47B0-A7F7-35C6B1145716}.Release|x64.ActiveCfg = Release|x64
		{8A6ED7E1-9B77-47B0-A7F7-35C6B1145716}.Release|x64.Build.0 = Release|x64
		{8A6ED7E1-9B77-47B0-A7F7-35C6B1145716}.Release|x86.ActiveCfg = Release|Win32
		{8A6ED7E1-9B77-47B0-A7F7-35C6B1145716}.Release|x86.Build.0 = Release|Win32
		{FBCAF8AE-B3A2-4C28-82F6-99C74A05F96D}.Debug|x64.ActiveCfg = Debug|x64
		{FBCAF8AE-B3A2-4C28-82F6-99C74A05F96D}.Debug|x64.Build.0 = Debug|x64
		{FBCAF8AE-B3A2-4C28-82F6-99C74A05F96D}.Debug|x86.ActiveCfg = Debug|Win32
		{FBCAF8AE-B3A2-4C28-82F6-99C74A05F96D}.Debug|x86.Build.0 = Debug|Win32
		{FBCAF8AE-B3A2-4C28-82F6-99C74A05F96D}.Release|x64.ActiveCfg = Release|x64
		{FBCAF8AE-B3A2-4C28-82F6-99C74A05F96D}.Release|x64.Build.0 = Release|x64
		{FBCAF8AE-B3A2-4C28-82F6-99C74A05F96D}.Release|x86.ActiveCfg = Release|Win32
		{FBCAF8AE-B3A2-4C28-82F6-99C74A05F96D}.Release|x86.Build.0 = Release|Win32
		{B39CC003-EBCE-411A-B043-45E8D005D846}.Debug|x64.ActiveCfg = Debug|x64
		{B39CC003-EBCE-411A-B043-45E8D005D846}.Debug|x64.Build.0 = Debug|x64
		{B39CC003-EBCE-411A-B043-45E8D005D846}.Debug|x86.ActiveCfg = Debug|Win32
		{B39CC003-EBCE-411A-B043-45E8D005D846}.Debug|x86.Build.0 = Debug|Win32
		{B39CC003-EBCE-411A-B043-45E8D005D846}.Release|x64.ActiveCfg = Release|x64
		{B39CC003-EBCE-411A-B043-45E8D005D846}.Release|x64.Build.0 = Release|x64
		{B39CC003-EBCE-411A-B043-45E8D005D846}.Release|x86.ActiveCfg = Release|Win32
		{B39CC003-EBCE-411A-B043-45E8D005D846}.Release|x86.Build.0 = Release|Win32
		{795D7FDB-C7DF-43E1-A100-BB84DC0E6EA6}.Debug|x64.ActiveCfg = Debug|x64
		{795D7FDB-C7DF-43E1-A100-BB84DC0E6EA6}.Debug|x64.Build.0 = Debug|x64
		{795D7FDB-C7DF-43E1-A100-BB84DC0E6EA6}.Debug|x86.ActiveCfg = Debug|Win32
		{795D7FDB-C7DF-43E1-A100-BB84DC0E6EA6}.Debug|x86.Build.0 = Debug|Win32
		{795D7FDB-C7DF-43E1-A100-BB84DC0E6EA6}.Release|x64.ActiveCfg = Release|x64
		{795D7FDB-C7DF-43E1-A100-BB84DC0E6EA6}.Release|x64.Build.0 = Release|x64
		{795D7FDB-C7DF-43E1-A100-BB84DC0E6EA6}.Release|x86.ActiveCfg = Release|Win32
		{795D7FDB-C7DF-43E1-A100-BB84DC0E6EA6}.Release|x86.Build.0 = Release|Win32
		{A843462C-58D6-4FA8-8B1E-F3CB4F1A90FD}.Debug|x64.ActiveCfg = Debug|x64
		{A843462C-58D6-4FA8-8B1E-F3CB4F1A90FD}.Debug|x64.Build.0 = Debug|x64
		{A843462C-58D6-4FA8-8B1E-F3CB4F1A90FD}.Debug|x86.ActiveCfg = Debug|Win32
		{A843462C-58D6-4FA8-8B1E-F3CB4F1A90FD}.Debug|x86.Build.0 = Debug|Win32
		{A843462C-58D6-4FA8-8B1E-F3CB4F1A90FD}.Release|x64.ActiveCfg = Release|x64
		{A843462C-58D6-4FA8-8B1E-F3CB4F1A90FD}.Release|x64.Build.0 = Release|x64
		{A843462C-58D6-4FA8-8B1E-F3CB4F1A90FD}.Release|x86.ActiveCfg = Release|Win32
		{A843462C-58D6-4FA8-8B1E-F3CB4F1A90FD}.Release|x86.Build.0 = Release|Win32
		{D85C62F4-28BF-462B-A96F-8A51ECBDAD0B}.Debug|x64.ActiveCfg = Debug|x64
		{D85C62F4-28BF-462B-A96F-8A51ECBDAD0B}.Debug|x64.Build.0 = Debug|x64
		{D85C62F4-28BF-462B-A96F-8A51ECBDAD0B}.Debug|x86.ActiveCfg = Debug|Win32
		{D85C62F4-28BF-462B-A96F-8A51ECBDAD0B}.Debug|x86.Build.0 = Debug|Win32
		{D85C62F4-28BF-462B-A96F-8A51ECBDAD0B}.Release|x64.ActiveCfg = Release|x64
		{D85C62F4-28BF-462B-A96F-8A51ECBDAD0B}.Release|x64.Build.0 = Release|x64
		{D85C62F4-28BF-462B-A96F-8A51ECBDAD0B}.Release|x86.ActiveCfg = Release|Win32
		{D85C62F4-28BF-462B-A96F-8A51ECBDAD0B}.Release|x86.Build.0 = Release|Win32
		{9F421918-B580-439D-811E-DA73F9196CA3}.Debug|x64.ActiveCfg = Debug|x64
		{9F421918-B580-439D-811E-DA73F9196CA3}.Debug|x64.Build.0 = Debug|x64
		{9F421918-B580-439D-811E-DA73F9196CA3}.Debug|x86.ActiveCfg = Debug|Win32
		{9F421918-B580-439D-811E-DA73F9196CA3}.Debug|x86.Build.0 = Debug|Win32
		{9F421918-B580-439D-811E-DA73F9196CA3}.Release|x64.ActiveCfg = Release|x64
		{9F421918-B580-439D-811E-DA73F9196CA3}.Release|x64.Build.0 = Release|x64
		{9F421918-B580-439D-811E-DA73F9196CA3}.Release|x86.ActiveCfg = Release|Win32
		{9F421918-B580-439D-811E-DA73F9196CA3}.Release|x86.Build.0 = Release|Win32
		{3A56584A-7AB6-4A80-96F0-8C955869376B}.Debug|x64.ActiveCfg = Debug|x64
		{3A56584A-7AB6-4A80-96F0-8C955869376B}.Debug|x64.Build.0 = Debug|x64
		{3A56584A-7AB6-4A80-96F0-8C955869376B}.Debug|x86.ActiveCfg = Debug|Win32
		{3A56584A-7AB6-4A80-96F0-8C955869376B}.Debug|x86.Build.0 = Debug|Win32
		{3A56584A-7AB6-4A80-96F0-8C955869376B}.Release|x64.ActiveCfg = Release|x64
		{3A56584A-7AB6-4A80-96F0-8C955869376B}.Release|x64.Build.0 = Release|x64
		{3A56584A-7AB6-4A80-96F0-8C955869376B}.Release|x86.ActiveCfg = Release|Win32
		{3A56584A-7AB6-4A80-96F0-8C955869376B}.Release|x86.Build.0 = Release|Win32
		{18D434F0-3994-4026-B1C0-F585868A977A}.Debug|x64.ActiveCfg = Debug|x64
		{18D434F0-3994-4026-B1C0-F585868A977A}.Debug|x64.Build.0 = Debug|x64
		{18D434F0-3994-4026-B1C0-F585868A977A}.Debug|x86.ActiveCfg = Debug|Win32
		{18D434F0-3994-4026-B1C0-F585868A977A}.Debug|x86.Build.0 = Debug|Win32
		{18D434F0-3994-4026-B1C0-F585868A977A}.Release|x64.ActiveCfg = Release|x64
		{18D434F0-3994-4026-B1C0-F585868A977A}.Release|x64.Build.0 = Release|x64
		{18D434F0-3994-4026-B1C0-F585868A977A}.Release|x86.ActiveCfg = Release|Win32
		{18D434F0-3994-4026-B1C0-F585868A977A}.Release|x86.Build.0 = Release|Win32
		{C4C37A02-2505-4CC6-BB65-2697918FBB6D}.Debug|x64.ActiveCfg = Debug|x64
		{C4C37A02-2505-4CC6-BB65-2697918FBB6D}.Debug|x64.Build.0 = Debug|x64
		{C4C37A02-2505-4CC6-BB65-2697918FBB6D}.Debug|x86.ActiveCfg = Debug|Win32
		{C4C37A02-2505-4CC6-BB65-2697918FBB6D}.Debug|x86.Build.0 = Debug|Win32
		{C4C37A02-2505-4CC6-BB65-2697918FBB6D}.Release|x64.ActiveCfg = Release|x64
		{C4C37A02-2505-4CC6-BB65-2697918FBB6D}.Release|x64.Build.0 = Release|x64
		{C4C37A02-2505-4CC6-BB65-2697918FBB6D}.Release|x86.ActiveCfg = Release|Win32
		{C4C37A02-2505-4CC6-BB65-2697918FBB6D}.Release|x86.Build.0 = Release|Win32
		{2F57D081-B6D2-46BE-800E-F03832D51FB2}.Debug|x64.ActiveCfg = Debug|x64
		{2F57D081-B6D2-46BE-800E-F03832D51FB2}.Debug|x64.Build.0 = Debug|x64
		{2F57D081-B6D2-46BE-800E-F03832D51FB2}.Debug|x86.ActiveCfg = Debug|Win32
		{2F57D081-B6D2-46BE-800E-F03832D51FB2}.Debug|x86.Build.0 = Debug|Win32
		{2F57D081-B6D2-46BE-800E-F03832D51FB2}.Release|x64.ActiveCfg = Release|x64
		{2F57D081-B6D2-46BE-800E-F03832D51FB2}.Release|x64.Build.0 = Release|x64
		{2F57D081-B6D2-46BE-800E-F03832D51FB2}.Release|x86.ActiveCfg = Release|Win32
		{2F57D081-B6D2-46BE-800E-F03832D51FB2}.Release|x86.Build.0 = Release|Win32
		{A332211F-BE0E-4060-A4A8-4BEB6C1B597A}.Debug|x64.ActiveCfg = Debug|x64
		{A332211F-BE0E-4060-A4A8-4BEB6C1B597A}.Debug|x64.Build.0 = Debug|x64
		{A332211F-BE0E-4060-A4A8-4BEB6C1B597A}.Debug|x86.ActiveCfg = Debug|Win32
		{A332211F-BE0E-4060-A4A8-4BEB6C1B597A}.Debug|x86.Build.0 = Debug|Win32
		{A332211F-BE0E-4060-A4A8-4BEB6C1B597A}.Release|x64.ActiveCfg = Release|x64
		{A332211F-BE0E-4060-A4A8-4BEB6C1B597A}.Release|x64.Build.0 = Release|x64
		{A332211F-BE0E-4060-A4A8-4BEB6C1B597A}.Release|x86.ActiveCfg = Release|Win32
		{A332211F-BE0E-4060-A4A8-4BEB6C1B597A}.Release|x86.Build.0 = Release|Win32
		{CD20B81A-DEB0-4E49-A270-680256165F59}.Debug|x64.ActiveCfg = Debug|x64
		{CD20B81A-DEB0-4E49-A270-680256165F59}.Debug|x64.Build.0 = Debug|x64
		{CD20B81A-DEB0-4E49-A270-680256165F59}.Debug|x86.ActiveCfg = Debug|Win32
		{CD20B81A-DEB0-4E49-A270-680256165F59}.Debug|x86.Build.0 = Debug|Win32
		{CD20B81A-DEB0-4E49-A270-680256165F59}.Release|x64.ActiveCfg = Release|x64
		{CD20B81A-DEB0-4E49-A270-680256165F59}.Release|x64.Build.0 = Release|x64
		{CD20B81A-DEB0-4E49-A270-680256165F59}.Release|x86.ActiveCfg = Release|Win32
		{CD20B81A-DEB0-4E49-A270-680256165F59}.Release|x86.Build.0 = Release|Win32
		{32D5F12C-6725-4C7F-BB0D-E9C7DB6905B3}.Debug|x64.ActiveCfg = Debug|x64
		{32D5F12C-6725-4C7F-BB0D-E9C7DB6905B3}.Debug|x64.Build.0 = Debug|x64
		{32D5F12C-6725-4C7F-BB0D-E9C7DB6905B3}.Debug|x86.ActiveCfg = Debug|Win32
		{32D5F12C-6725-4C7F-BB0D-E9C7DB6905B3}.Debug|x86.Build.0 = Debug|Win32
		{32D5F12C-6725-4C7F-BB0D-E9C7DB6905B3}.Release|x64.ActiveCfg = Release|x64
		{32D5F12C-6725-4C7F-BB0D-E9C7DB6905B3}.Release|x64.Build.0 = Release|x64
		{32D5F12C-6725-4C7F-BB0D-E9C7DB6905B3}.Release|x86.ActiveCfg = Release|Win32
		{32D5F12C-6725-4C7F-BB0D-E9C7DB6905B3}.Release|x86.Build.0 = Release|Win32
		{0EB7D440-7DC4-4EC7-AB1A-8F31FF52AF92}.Debug|x64.ActiveCfg = Debug|x64
		{0EB7D440-7DC4-4EC7-AB1A-8F31FF52AF92}.Debug|x64.Build.0 = Debug|x64
		{0EB7D440-7DC4-4EC7-AB1A-8F31FF52AF92}.Debug|x86.ActiveCfg = Debug|Win32
		{0EB7D440-7DC4-4EC7-AB1A-8F31FF52AF92}.Debug|x86.Build.0 = Debug|Win32
		{0EB7D440-7DC4-4EC7-AB1A-8F31FF52AF92}.Release|x64.ActiveCfg = Release|x64
		{0EB7D440-7DC4-4EC7-AB1A-8F31FF52AF92}.Release|x64.Build.0 = Release|x64
		{0EB7D440-7DC4-4EC7-AB1A-8F31FF52AF92}.Release|x86.ActiveCfg = Release|Win32
		{0EB7D440-7DC4-4EC7-AB1A-8F31FF52AF92}.Release|x86.Build.0 = Release|Win32
		{EB450CCE-B162-4040-87EA-625240E36D99}.Debug|x64.ActiveCfg = Debug|x64
		{EB450CCE-B162-4040-87EA-625240E36D99}.Debug|x64.Build.0 = Debug|x64
		{EB450CCE-B162-4040-87EA-625240E36D99}.Debug|x86.ActiveCfg = Debug|Win32
		{EB450CCE-B162-4040-87EA-625240E36D99}.Debug|x86.Build.0 = Debug|Win32
		{EB450CCE-B162-4040-87EA-625240E36D99}.Release|x64.ActiveCfg = Release|x64
		{EB450CCE-B162-4040-87EA-625240E36D99}.Release|x64.Build.0 = Release|x64
		{EB450CCE-B162-4040-87EA-625240E36D99}.Release|x86.ActiveCfg = Release|Win32
		{EB450CCE-B162-4040-87EA-625240E36D99}.Release|x86.Build.0 = Release|Win32
		{4B3BACDA-EBBF-46C8-8C11-13D7EA86AFCA}.Debug|x64.ActiveCfg = Debug|x64
		{4B3BACDA-EBBF-46C8-8C11-13D7EA86AFCA}.Debug|x64.Build.0 = Debug|x64
		{4B3BACDA-EBBF-46C8-8C11-13D7EA86AFCA}.Debug|x86.ActiveCfg = Debug|Win32
		{4B3BACDA-EBBF-46C8-8C11-13D7EA86AFCA}.Debug|x86.Build.0 = Debug|Win32
		{4B3BACDA-EBBF-46C8-8C11-13D7EA86AFCA}.Release|x64.ActiveCfg = Release|x64
		{4B3BACDA-EBBF-46C8-8C11-13D7EA86AFCA}.Release|x64.Build.0 = Release|x64
		{4B3BACDA-EBBF-46C8-8C11-13D7EA86AFCA}.Release|x86.ActiveCfg = Release|Win32
		{4B3BACDA-EBBF-46C8-8C11-13D7EA86AFCA}.Release|x86.Build.0 = Release|Win32
		{71FE9DDA-DEB5-4068-BCE8-672C51E3C7A0}.Debug|x64.ActiveCfg = Debug|x64
		{71FE9DDA-DEB5-4068-BCE8-672C51E3C7A0}.Debug|x64.Build.0 = Debug|x64
		{71FE9DDA-DEB5-4068-BCE8-672C51E3C7A0}.Debug|x86.ActiveCfg = Debug|Win32
		{71FE9DDA-DEB5-4068-BCE8-672C51E3C7A0}.Debug|x86.Build.0 = Debug|Win32
		{71FE9DDA-DEB5-4068-BCE8-672C51E3C7A0}.Release|x64.ActiveCfg = Release|x64
		{71FE9DDA-DEB5-4068-BCE8-672C51E3C7A0}.Release|x64.Build.0 = Release|x64
		{71FE9DDA-DEB5-4068-BCE8-672C51E3C7A0}.Release|x86.ActiveCfg = Release|Win32
		{71FE9DDA-DEB5-4068-BCE8-672C51E3C7A0}.Release|x86.Build.0 = Release|Win32
		{1E43CC5F-FDC2-47FD-BCB2-FDB44E381E3E}.Debug|x64.ActiveCfg = Debug|x64
		{1E43CC5F-FDC2-47FD-BCB2-FDB44E381E3E}.Debug|x64.Build.0 = Debug|x64
		{1E43CC5F-FDC2-47FD-BCB2-FDB44E381E3E}.Debug|x86.ActiveCfg = Debug|Win32
		{1E43CC5F-FDC2-47FD-BCB2-FDB44E381E3E}.Debug|x86.Build.0 = Debug|Win32
		{1E43CC5F-FDC2-47FD-BCB2-FDB44E381E3E}.Release|x64.ActiveCfg = Release|x64
		{1E43CC5F-FDC2-47FD-BCB2-FDB44E381E3E}.Release|x64.Build.0 = Release|x64
		{1E43CC5F-FDC2-47FD-BCB2-FDB44E381E3E}.Release|x86.ActiveCfg = Release|Win32
		{1E43CC5F-FDC2-47FD-BCB2-FDB44E381E3E}.Release|x86.Build.0 = Release|Win32
		{22257496-8154-4014-AD13-53A12D86525B}.Debug|x64.ActiveCfg = Debug|x64
		{22257496-8154-4014-AD13-53A12D86525B}.Debug|x64.Build.0 = Debug|x64
		{22257496-8154-4014-AD13-53A12D86525B}.Debug|x86.ActiveCfg = Debug|Win32
		{22257496-8154-4014-AD13-53A12D86525B}.Debug|x86.Build.0 = Debug|Win32
		{22257496-8154-4014-AD13-53A12D86525B}.Release|x64.ActiveCfg = Release|x64
		{22257496-8154-4014-AD13-53A12D86525B}.Release|x64.Build.0 = Release|x64
		{22257496-8154-4014-AD13-53A12D86525B}.Release|x86.ActiveCfg = Release|Win32
		{22257496-8154-4014-AD13-53A12D86525B}.Release|x86.Build.0 = Release|Win32
		{2DBB245D-9E03-4147-A44D-33F41CD6D745}.Debug|x64.ActiveCfg = Debug|x64
		{2DBB245D-9E03-4147-A44D-33F41CD6D745}.Debug|x64.Build.0 = Debug|x64
		{2DBB245D-9E03-4147-A44D-33F41CD6D745}.Debug|x86.ActiveCfg = Debug|Win32
		{2DBB245D-9E03-4147-A44D-33F41CD6D745}.Debug|x86.Build.0 = Debug|Win32
		{2DBB245D-9E03-4147-A44D-33F41CD6D745}.Release|x64.ActiveCfg = Release|x64
		{2DBB245D-9E03-4147-A44D-33F41CD6D745}.Release|x64.Build.0 = Release|x64
		{2DBB245D-9E03-4147-A44D-33F41CD6D745}.Release|x86.ActiveCfg = Release|Win32
		{2DBB245D-9E03-4147-A44D-33F41CD6D745}.Release|x86.Build.0 = Release|Win32
		{61CC801B-BBB9-43A7-9F34-6E1D9EF34E30}.Debug|x64.ActiveCfg = Debug|x64
		{61CC801B-BBB9-43A7-9F34-6E1D9EF34E30}.Debug|x64.Build.0 = Debug|x64
		{61CC801B-BBB9-43A7-9F34-6E1D9EF34E30}.Debug|x86.ActiveCfg = Debug|Win32
		{61CC801B-BBB9-43A7-9F34-6E1D9EF34E30}.Debug|x86.Build.0 = Debug|Win32
		{61CC801B-BBB9-43A7-9F34-6E1D9EF34E30}.Release|x64.ActiveCfg = Release|x64
		{61CC801B-BBB9-43A7-9F34-6E1D9EF34E30}.Release|x64.Build.0 = Release|x64
		{61CC801B-BBB9-43A7-9F34-6E1D9EF34E30}.Release|x86.ActiveCfg = Release|Win32
		{61CC801B-BBB9-43A7-9F34-6E1D9EF34E30}.Release|x86.Build.0 = Release|Win32
		{D66C506D-780D-4F95-B91E-84456133D9C0}.Debug|x64.ActiveCfg = Debug|x64
		{D66C506D-780D-4F95-B91E-84456133D9C0}.Debug|x64.Build.0 = Debug|x64
		{D66C506D-780D-4F95-B91E-84456133D9C0}.Debug|x86.ActiveCfg = Debug|Win32
		{D66C506D-780D-4F95-B91E-84456133D9C0}.Debug|x86.Build.0 = Debug|Win32
		{D66C506D-780D-4F95-B91E-84456133D9C0}.Release|x64.ActiveCfg = Release|x64
		{D66C506D-780D-4F95-B91E-84456133D9C0}.Release|x64.Build.0 = Release|x64
		{D66C506D-780D-4F95-B91E-84456133D9C0}.Release|x86.ActiveCfg = Release|Win32
		{D66C506D-780D-4F95-B91E-84456133D9C0}.Release|x86.Build.0 = Release|Win32
		{8ACCC613-6E2B-4094-ADFD-6448E801F488}.Debug|x64.ActiveCfg = Debug|x64
		{8ACCC613-6E2B-4094-ADFD-6448E801F488}.Debug|x64.Build.0 = Debug|x64
		{8ACCC613-6E2B-4094-ADFD-6448E801F488}.Debug|x86.ActiveCfg = Debug|Win32
		{8ACCC613-6E2B-4094-ADFD-6448E801F488}.Debug|x86.Build.0 = Debug|Win32
		{8ACCC613-6E2B-4094-ADFD-6448E801F488}.Release|x64.ActiveCfg = Release|x64
		{8ACCC613-6E2B-4094-ADFD-6448E801F488}.Release|x64.Build.0 = Release|x64
		{8ACCC613-6E2B-4094-ADFD-6448E801F488}.Release|x86.ActiveCfg = Release|Win32
		{8ACCC613-6E2B-4094-ADFD-6448E801F488}.Release|x86.Build.0 = Release|Win32
		{4F097619-2B1E-4030-A0F9-106D0BFC8D4B}.Debug|x64.ActiveCfg = Debug|x64
		{4F097619-2B1E-4030-A0F9-106D0BFC8D4B}.Debug|x64.Build.0 = Debug|x64
		{4F097619-2B1E-4030-A0F9-106D0BFC8D4B}.Debug|x86.ActiveCfg = Debug|Win32
		{4F097619-2B1E-4030-A0F9-106D0BFC8D4B}.Debug|x86.Build.0 = Debug|Win32
		{4F097619-2B1E-4030-A0F9-106D0BFC8D4B}.Release|x64.ActiveCfg = Release|x64
		{4F097619-2B1E-4030-A0F9-106D0BFC8D4B}.Release|x64.Build.0 = Release|x64
		{4F097619-2B1E-4030-A0F9-106D0BFC8D4B}.Release|x86.ActiveCfg = Release|Win32
		{4F097619-2B1E-4030-A0F9-106D0BFC8D4B}.Release|x86.Build.0 = Release|Win32
		{505AA885-1E26-4A6B-BF76-136D6ED1D5C8}.Debug|x64.ActiveCfg = Debug|x64
		{505AA885-1E26-4A6B-BF76-136D6ED1D5C8}.Debug|x64.Build.0 = Debug|x64
		{505AA885-1E26-4A6B-BF76-136D6ED1D5C8}.Debug|x86.ActiveCfg = Debug|Win32
		{505AA885-1E26-4A6B-BF76-136D6ED1D5C8}.Debug|x86.Build.0 = Debug|Win32
		{505AA885-1E26-4A6B-BF76-136D6ED1D5C8}.Release|x64.ActiveCfg = Release|x64
		{505AA885-1E26-4A6B-BF76-136D6ED1D5C8}.Release|x64.Build.0 = Release|x64
		{505AA885-1E26-4A6B-BF76-136D6ED1D5C8}.Release|x86.ActiveCfg = Release|Win32
		{505AA885-1E26-4A6B-BF76-136D6ED1D5C8}.Release|x86.Build.0 = Release|Win32
	EndGlobalSection
	GlobalSection(SolutionProperties) = preSolution
		HideSolutionNode = FALSE
	EndGlobalSection
	GlobalSection(ExtensibilityGlobals) = postSolution
		SolutionGuid = {357E00C5-FCD0-4EC7-B207-58CE32FF141F}
	EndGlobalSection
EndGlobal
